
Microsoft Visual Studio Solution File, Format Version 12.00
# Visual Studio Version 16
VisualStudioVersion = 16.0.31911.196
MinimumVisualStudioVersion = 10.0.40219.1
Project("{FAE04EC0-301F-11D3-BF4B-00C04F79EFBC}") = "sk-WebApplication02", "sk-WebApplication02.csproj", "{AC132AC5-34FC-48A5-BF6A-64A878CCEA14}"
EndProject
Global
	GlobalSection(SolutionConfigurationPlatforms) = preSolution
		Debug|Any CPU = Debug|Any CPU
		Release|Any CPU = Release|Any CPU
	EndGlobalSection
	GlobalSection(ProjectConfigurationPlatforms) = postSolution
		{AC132AC5-34FC-48A5-BF6A-64A878CCEA14}.Debug|Any CPU.ActiveCfg = Debug|Any CPU
		{AC132AC5-34FC-48A5-BF6A-64A878CCEA14}.Debug|Any CPU.Build.0 = Debug|Any CPU
		{AC132AC5-34FC-48A5-BF6A-64A878CCEA14}.Release|Any CPU.ActiveCfg = Release|Any CPU
		{AC132AC5-34FC-48A5-BF6A-64A878CCEA14}.Release|Any CPU.Build.0 = Release|Any CPU
	EndGlobalSection
	GlobalSection(SolutionProperties) = preSolution
		HideSolutionNode = FALSE
	EndGlobalSection
	GlobalSection(ExtensibilityGlobals) = postSolution
		SolutionGuid = {74D50082-6F81-4F9C-942F-33211DBCA576}
	EndGlobalSection
EndGlobal
